
Microsoft Visual Studio Solution File, Format Version 12.00
# Visual Studio 2017
Project("{FAE04EC0-301F-11D3-BF4B-00C04F79EFBC}") = "Zombie shooter", "Zombie shooter.csproj", "{B2BCF170-6C7A-7614-6AC5-3FE49131395A}"
EndProject
Global
	GlobalSection(SolutionConfigurationPlatforms) = preSolution
		Debug|Any CPU = Debug|Any CPU
		Release|Any CPU = Release|Any CPU
	EndGlobalSection
	GlobalSection(ProjectConfigurationPlatforms) = postSolution
		{B2BCF170-6C7A-7614-6AC5-3FE49131395A}.Debug|Any CPU.ActiveCfg = Debug|Any CPU
		{B2BCF170-6C7A-7614-6AC5-3FE49131395A}.Debug|Any CPU.Build.0 = Debug|Any CPU
		{B2BCF170-6C7A-7614-6AC5-3FE49131395A}.Release|Any CPU.ActiveCfg = Release|Any CPU
		{B2BCF170-6C7A-7614-6AC5-3FE49131395A}.Release|Any CPU.Build.0 = Release|Any CPU
	EndGlobalSection
	GlobalSection(SolutionProperties) = preSolution
		HideSolutionNode = FALSE
	EndGlobalSection
EndGlobal
